# This file is autogenerated, do not edit; changes may be undone by the next 'dep ensure'.


[[projects]]
  digest = "1:32c45107d229b1cf9129e56fe1fabc14c5cac0fc7ce1b0d51bf53bbfde7e84c3"
  name = "github.com/kshvakov/clickhouse"
  packages = [
    ".",
    "lib/binary",
    "lib/column",
    "lib/data",
    "lib/protocol",
    "lib/types",
    "lib/writebuffer",
  ]
  pruneopts = "NUT"
  revision = "5572ee69225d9a4fdacb5e385b8b03b13c077426"
  version = "v1.3.5"

[[projects]]
  branch = "PMM-3514-group-by-digest-user-host-db-server"
  digest = "1:8291910469b899b182698cce370cf9cd632dc45fae294d805278796f5fc51835"
  name = "github.com/percona/go-mysql"
  packages = [
    "event",
    "log",
    "log/slow",
    "query",
  ]
  pruneopts = "NUT"
  revision = "331634069bb6d4e058c771ec6b54464c6de819c6"

[solve-meta]
  analyzer-name = "dep"
  analyzer-version = 1
  input-imports = [
    "github.com/kshvakov/clickhouse",
    "github.com/percona/go-mysql/event",
    "github.com/percona/go-mysql/log",
    "github.com/percona/go-mysql/log/slow",
    "github.com/percona/go-mysql/query",
  ]
  solver-name = "gps-cdcl"
  solver-version = 1
