# This file is autogenerated, do not edit; changes may be undone by the next 'dep ensure'.


[[projects]]
  digest = "1:32c45107d229b1cf9129e56fe1fabc14c5cac0fc7ce1b0d51bf53bbfde7e84c3"
  name = "github.com/kshvakov/clickhouse"
  packages = [
    ".",
    "lib/binary",
    "lib/column",
    "lib/data",
    "lib/protocol",
    "lib/types",
    "lib/writebuffer",
  ]
  pruneopts = "NUT"
  revision = "5572ee69225d9a4fdacb5e385b8b03b13c077426"
  version = "v1.3.5"

[[projects]]
  branch = "PMM-3514-group-by-digest-user-host-db-server"
  digest = "1:60421e1a7c47adc5ddf78268430e30fd4772ad95ee0a2059797c7caf8e535d59"
  name = "github.com/percona/go-mysql"
  packages = [
    "event",
    "log",
    "log/slow",
    "query",
  ]
  pruneopts = "NUT"
  revision = "bfdac174bddc87976a4527534bd70df901ee60c1"

[solve-meta]
  analyzer-name = "dep"
  analyzer-version = 1
  input-imports = [
    "github.com/kshvakov/clickhouse",
    "github.com/percona/go-mysql/event",
    "github.com/percona/go-mysql/log",
    "github.com/percona/go-mysql/log/slow",
    "github.com/percona/go-mysql/query",
  ]
  solver-name = "gps-cdcl"
  solver-version = 1
